// !$*UTF8*$!
{
	archiveVersion = 1;
	classes = {
	};
	objectVersion = 50;
	objects = {

/* Begin PBXBuildFile section */
		FA0DEAF124BDDFD5002C95FA /* AppDelegate.swift in Sources */ = {isa = PBXBuildFile; fileRef = FA0DEAF024BDDFD5002C95FA /* AppDelegate.swift */; };
		FA0DEAF324BDDFD5002C95FA /* SceneDelegate.swift in Sources */ = {isa = PBXBuildFile; fileRef = FA0DEAF224BDDFD5002C95FA /* SceneDelegate.swift */; };
		FA0DEAF524BDDFD5002C95FA /* ViewController.swift in Sources */ = {isa = PBXBuildFile; fileRef = FA0DEAF424BDDFD5002C95FA /* ViewController.swift */; };
		FA0DEAF824BDDFD5002C95FA /* Main.storyboard in Resources */ = {isa = PBXBuildFile; fileRef = FA0DEAF624BDDFD5002C95FA /* Main.storyboard */; };
		FA0DEAFA24BDDFD6002C95FA /* Assets.xcassets in Resources */ = {isa = PBXBuildFile; fileRef = FA0DEAF924BDDFD6002C95FA /* Assets.xcassets */; };
		FA0DEAFD24BDDFD6002C95FA /* LaunchScreen.storyboard in Resources */ = {isa = PBXBuildFile; fileRef = FA0DEAFB24BDDFD6002C95FA /* LaunchScreen.storyboard */; };
/* End PBXBuildFile section */

/* Begin PBXFileReference section */
		FA0DEAED24BDDFD5002C95FA /* SideMenuApp.app */ = {isa = PBXFileReference; explicitFileType = wrapper.application; includeInIndex = 0; path = SideMenuApp.app; sourceTree = BUILT_PRODUCTS_DIR; };
		FA0DEAF024BDDFD5002C95FA /* AppDelegate.swift */ = {isa = PBXFileReference; lastKnownFileType = sourcecode.swift; path = AppDelegate.swift; sourceTree = "<group>"; };
		FA0DEAF224BDDFD5002C95FA /* SceneDelegate.swift */ = {isa = PBXFileReference; lastKnownFileType = sourcecode.swift; path = SceneDelegate.swift; sourceTree = "<group>"; };
		FA0DEAF424BDDFD5002C95FA /* ViewController.swift */ = {isa = PBXFileReference; lastKnownFileType = sourcecode.swift; path = ViewController.swift; sourceTree = "<group>"; };
		FA0DEAF724BDDFD5002C95FA /* Base */ = {isa = PBXFileReference; lastKnownFileType = file.storyboard; name = Base; path = Base.lproj/Main.storyboard; sourceTree = "<group>"; };
		FA0DEAF924BDDFD6002C95FA /* Assets.xcassets */ = {isa = PBXFileReference; lastKnownFileType = folder.assetcatalog; path = Assets.xcassets; sourceTree = "<group>"; };
		FA0DEAFC24BDDFD6002C95FA /* Base */ = {isa = PBXFileReference; lastKnownFileType = file.storyboard; name = Base; path = Base.lproj/LaunchScreen.storyboard; sourceTree = "<group>"; };
		FA0DEAFE24BDDFD6002C95FA /* Info.plist */ = {isa = PBXFileReference; lastKnownFileType = text.plist.xml; path = Info.plist; sourceTree = "<group>"; };
/* End PBXFileReference section */

/* Begin PBXFrameworksBuildPhase section */
		FA0DEAEA24BDDFD5002C95FA /* Frameworks */ = {
			isa = PBXFrameworksBuildPhase;
			buildActionMask = 2147483647;
			files = (
			);
			runOnlyForDeploymentPostprocessing = 0;
		};
/* End PBXFrameworksBuildPhase section */

/* Begin PBXGroup section */
		FA0DEAE424BDDFD5002C95FA = {
			isa = PBXGroup;
			children = (
				FA0DEAEF24BDDFD5002C95FA /* SideMenuApp */,
				FA0DEAEE24BDDFD5002C95FA /* Products */,
			);
			sourceTree = "<group>";
		};
		FA0DEAEE24BDDFD5002C95FA /* Products */ = {
			isa = PBXGroup;
			children = (
				FA0DEAED24BDDFD5002C95FA /* SideMenuApp.app */,
			);
			name = Products;
			sourceTree = "<group>";
		};
		FA0DEAEF24BDDFD5002C95FA /* SideMenuApp */ = {
			isa = PBXGroup;
			children = (
				FA0DEAF024BDDFD5002C95FA /* AppDelegate.swift */,
				FA0DEAF224BDDFD5002C95FA /* SceneDelegate.swift */,
				FA0DEAF424BDDFD5002C95FA /* ViewController.swift */,
				FA0DEAF624BDDFD5002C95FA /* Main.storyboard */,
				FA0DEAF924BDDFD6002C95FA /* Assets.xcassets */,
				FA0DEAFB24BDDFD6002C95FA /* LaunchScreen.storyboard */,
				FA0DEAFE24BDDFD6002C95FA /* Info.plist */,
			);
			path = SideMenuApp;
			sourceTree = "<group>";
		};
/* End PBXGroup section */

/* Begin PBXNativeTarget section */
		FA0DEAEC24BDDFD5002C95FA /* SideMenuApp */ = {
			isa = PBXNativeTarget;
			buildConfigurationList = FA0DEB0124BDDFD6002C95FA /* Build configuration list for PBXNativeTarget "SideMenuApp" */;
			buildPhases = (
				FA0DEAE924BDDFD5002C95FA /* Sources */,
				FA0DEAEA24BDDFD5002C95FA /* Frameworks */,
				FA0DEAEB24BDDFD5002C95FA /* Resources */,
			);
			buildRules = (
			);
			dependencies = (
			);
			name = SideMenuApp;
			productName = SideMenuApp;
			productReference = FA0DEAED24BDDFD5002C95FA /* SideMenuApp.app */;
			productType = "com.apple.product-type.application";
		};
/* End PBXNativeTarget section */

/* Begin PBXProject section */
		FA0DEAE524BDDFD5002C95FA /* Project object */ = {
			isa = PBXProject;
			attributes = {
				LastSwiftUpdateCheck = 1140;
				LastUpgradeCheck = 1140;
				ORGANIZATIONNAME = "Александр Умаров";
				TargetAttributes = {
					FA0DEAEC24BDDFD5002C95FA = {
						CreatedOnToolsVersion = 11.4.1;
					};
				};
			};
			buildConfigurationList = FA0DEAE824BDDFD5002C95FA /* Build configuration list for PBXProject "SideMenuApp" */;
			compatibilityVersion = "Xcode 9.3";
			developmentRegion = en;
			hasScannedForEncodings = 0;
			knownRegions = (
				en,
				Base,
			);
			mainGroup = FA0DEAE424BDDFD5002C95FA;
			productRefGroup = FA0DEAEE24BDDFD5002C95FA /* Products */;
			projectDirPath = "";
			projectRoot = "";
			targets = (
				FA0DEAEC24BDDFD5002C95FA /* SideMenuApp */,
			);
		};
/* End PBXProject section */

/* Begin PBXResourcesBuildPhase section */
		FA0DEAEB24BDDFD5002C95FA /* Resources */ = {
			isa = PBXResourcesBuildPhase;
			buildActionMask = 2147483647;
			files = (
				FA0DEAFD24BDDFD6002C95FA /* LaunchScreen.storyboard in Resources */,
				FA0DEAFA24BDDFD6002C95FA /* Assets.xcassets in Resources */,
				FA0DEAF824BDDFD5002C95FA /* Main.storyboard in Resources */,
			);
			runOnlyForDeploymentPostprocessing = 0;
		};
/* End PBXResourcesBuildPhase section */

/* Begin PBXSourcesBuildPhase section */
		FA0DEAE924BDDFD5002C95FA /* Sources */ = {
			isa = PBXSourcesBuildPhase;
			buildActionMask = 2147483647;
			files = (
				FA0DEAF524BDDFD5002C95FA /* ViewController.swift in Sources */,
				FA0DEAF124BDDFD5002C95FA /* AppDelegate.swift in Sources */,
				FA0DEAF324BDDFD5002C95FA /* SceneDelegate.swift in Sources */,
			);
			runOnlyForDeploymentPostprocessing = 0;
		};
/* End PBXSourcesBuildPhase section */

/* Begin PBXVariantGroup section */
		FA0DEAF624BDDFD5002C95FA /* Main.storyboard */ = {
			isa = PBXVariantGroup;
			children = (
				FA0DEAF724BDDFD5002C95FA /* Base */,
			);
			name = Main.storyboard;
			sourceTree = "<group>";
		};
		FA0DEAFB24BDDFD6002C95FA /* LaunchScreen.storyboard */ = {
			isa = PBXVariantGroup;
			children = (
				FA0DEAFC24BDDFD6002C95FA /* Base */,
			);
			name = LaunchScreen.storyboard;
			sourceTree = "<group>";
		};
/* End PBXVariantGroup section */

/* Begin XCBuildConfiguration section */
		FA0DEAFF24BDDFD6002C95FA /* Debug */ = {
			isa = XCBuildConfiguration;
			buildSettings = {
				ALWAYS_SEARCH_USER_PATHS = NO;
				CLANG_ANALYZER_NONNULL = YES;
				CLANG_ANALYZER_NUMBER_OBJECT_CONVERSION = YES_AGGRESSIVE;
				CLANG_CXX_LANGUAGE_STANDARD = "gnu++14";
				CLANG_CXX_LIBRARY = "libc++";
				CLANG_ENABLE_MODULES = YES;
				CLANG_ENABLE_OBJC_ARC = YES;
				CLANG_ENABLE_OBJC_WEAK = YES;
				CLANG_WARN_BLOCK_CAPTURE_AUTORELEASING = YES;
				CLANG_WARN_BOOL_CONVERSION = YES;
				CLANG_WARN_COMMA = YES;
				CLANG_WARN_CONSTANT_CONVERSION = YES;
				CLANG_WARN_DEPRECATED_OBJC_IMPLEMENTATIONS = YES;
				CLANG_WARN_DIRECT_OBJC_ISA_USAGE = YES_ERROR;
				CLANG_WARN_DOCUMENTATION_COMMENTS = YES;
				CLANG_WARN_EMPTY_BODY = YES;
				CLANG_WARN_ENUM_CONVERSION = YES;
				CLANG_WARN_INFINITE_RECURSION = YES;
				CLANG_WARN_INT_CONVERSION = YES;
				CLANG_WARN_NON_LITERAL_NULL_CONVERSION = YES;
				CLANG_WARN_OBJC_IMPLICIT_RETAIN_SELF = YES;
				CLANG_WARN_OBJC_LITERAL_CONVERSION = YES;
				CLANG_WARN_OBJC_ROOT_CLASS = YES_ERROR;
				CLANG_WARN_RANGE_LOOP_ANALYSIS = YES;
				CLANG_WARN_STRICT_PROTOTYPES = YES;
				CLANG_WARN_SUSPICIOUS_MOVE = YES;
				CLANG_WARN_UNGUARDED_AVAILABILITY = YES_AGGRESSIVE;
				CLANG_WARN_UNREACHABLE_CODE = YES;
				CLANG_WARN__DUPLICATE_METHOD_MATCH = YES;
				COPY_PHASE_STRIP = NO;
				DEBUG_INFORMATION_FORMAT = dwarf;
				ENABLE_STRICT_OBJC_MSGSEND = YES;
				ENABLE_TESTABILITY = YES;
				GCC_C_LANGUAGE_STANDARD = gnu11;
				GCC_DYNAMIC_NO_PIC = NO;
				GCC_NO_COMMON_BLOCKS = YES;
				GCC_OPTIMIZATION_LEVEL = 0;
				GCC_PREPROCESSOR_DEFINITIONS = (
					"DEBUG=1",
					"$(inherited)",
				);
				GCC_WARN_64_TO_32_BIT_CONVERSION = YES;
				GCC_WARN_ABOUT_RETURN_TYPE = YES_ERROR;
				GCC_WARN_UNDECLARED_SELECTOR = YES;
				GCC_WARN_UNINITIALIZED_AUTOS = YES_AGGRESSIVE;
				GCC_WARN_UNUSED_FUNCTION = YES;
				GCC_WARN_UNUSED_VARIABLE = YES;
				IPHONEOS_DEPLOYMENT_TARGET = 13.4;
				MTL_ENABLE_DEBUG_INFO = INCLUDE_SOURCE;
				MTL_FAST_MATH = YES;
				ONLY_ACTIVE_ARCH = YES;
				SDKROOT = iphoneos;
				SWIFT_ACTIVE_COMPILATION_CONDITIONS = DEBUG;
				SWIFT_OPTIMIZATION_LEVEL = "-Onone";
			};
			name = Debug;
		};
		FA0DEB0024BDDFD6002C95FA /* Release */ = {
			isa = XCBuildConfiguration;
			buildSettings = {
				ALWAYS_SEARCH_USER_PATHS = NO;
				CLANG_ANALYZER_NONNULL = YES;
				CLANG_ANALYZER_NUMBER_OBJECT_CONVERSION = YES_AGGRESSIVE;
				CLANG_CXX_LANGUAGE_STANDARD = "gnu++14";
				CLANG_CXX_LIBRARY = "libc++";
				CLANG_ENABLE_MODULES = YES;
				CLANG_ENABLE_OBJC_ARC = YES;
				CLANG_ENABLE_OBJC_WEAK = YES;
				CLANG_WARN_BLOCK_CAPTURE_AUTORELEASING = YES;
				CLANG_WARN_BOOL_CONVERSION = YES;
				CLANG_WARN_COMMA = YES;
				CLANG_WARN_CONSTANT_CONVERSION = YES;
				CLANG_WARN_DEPRECATED_OBJC_IMPLEMENTATIONS = YES;
				CLANG_WARN_DIRECT_OBJC_ISA_USAGE = YES_ERROR;
				CLANG_WARN_DOCUMENTATION_COMMENTS = YES;
				CLANG_WARN_EMPTY_BODY = YES;
				CLANG_WARN_ENUM_CONVERSION = YES;
				CLANG_WARN_INFINITE_RECURSION = YES;
				CLANG_WARN_INT_CONVERSION = YES;
				CLANG_WARN_NON_LITERAL_NULL_CONVERSION = YES;
				CLANG_WARN_OBJC_IMPLICIT_RETAIN_SELF = YES;
				CLANG_WARN_OBJC_LITERAL_CONVERSION = YES;
				CLANG_WARN_OBJC_ROOT_CLASS = YES_ERROR;
				CLANG_WARN_RANGE_LOOP_ANALYSIS = YES;
				CLANG_WARN_STRICT_PROTOTYPES = YES;
				CLANG_WARN_SUSPICIOUS_MOVE = YES;
				CLANG_WARN_UNGUARDED_AVAILABILITY = YES_AGGRESSIVE;
				CLANG_WARN_UNREACHABLE_CODE = YES;
				CLANG_WARN__DUPLICATE_METHOD_MATCH = YES;
				COPY_PHASE_STRIP = NO;
				DEBUG_INFORMATION_FORMAT = "dwarf-with-dsym";
				ENABLE_NS_ASSERTIONS = NO;
				ENABLE_STRICT_OBJC_MSGSEND = YES;
				GCC_C_LANGUAGE_STANDARD = gnu11;
				GCC_NO_COMMON_BLOCKS = YES;
				GCC_WARN_64_TO_32_BIT_CONVERSION = YES;
				GCC_WARN_ABOUT_RETURN_TYPE = YES_ERROR;
				GCC_WARN_UNDECLARED_SELECTOR = YES;
				GCC_WARN_UNINITIALIZED_AUTOS = YES_AGGRESSIVE;
				GCC_WARN_UNUSED_FUNCTION = YES;
				GCC_WARN_UNUSED_VARIABLE = YES;
				IPHONEOS_DEPLOYMENT_TARGET = 13.4;
				MTL_ENABLE_DEBUG_INFO = NO;
				MTL_FAST_MATH = YES;
				SDKROOT = iphoneos;
				SWIFT_COMPILATION_MODE = wholemodule;
				SWIFT_OPTIMIZATION_LEVEL = "-O";
				VALIDATE_PRODUCT = YES;
			};
			name = Release;
		};
		FA0DEB0224BDDFD6002C95FA /* Debug */ = {
			isa = XCBuildConfiguration;
			buildSettings = {
				ASSETCATALOG_COMPILER_APPICON_NAME = AppIcon;
				CODE_SIGN_STYLE = Automatic;
				DEVELOPMENT_TEAM = B5VM7C6TM4;
				INFOPLIST_FILE = SideMenuApp/Info.plist;
				LD_RUNPATH_SEARCH_PATHS = (
					"$(inherited)",
					"@executable_path/Frameworks",
				);
				PRODUCT_BUNDLE_IDENTIFIER = com.jetlaunch.SideMenuApp;
				PRODUCT_NAME = "$(TARGET_NAME)";
				SWIFT_VERSION = 5.0;
				TARGETED_DEVICE_FAMILY = "1,2";
			};
			name = Debug;
		};
		FA0DEB0324BDDFD6002C95FA /* Release */ = {
			isa = XCBuildConfiguration;
			buildSettings = {
				ASSETCATALOG_COMPILER_APPICON_NAME = AppIcon;
				CODE_SIGN_STYLE = Automatic;
				DEVELOPMENT_TEAM = B5VM7C6TM4;
				INFOPLIST_FILE = SideMenuApp/Info.plist;
				LD_RUNPATH_SEARCH_PATHS = (
					"$(inherited)",
					"@executable_path/Frameworks",
				);
				PRODUCT_BUNDLE_IDENTIFIER = com.jetlaunch.SideMenuApp;
				PRODUCT_NAME = "$(TARGET_NAME)";
				SWIFT_VERSION = 5.0;
				TARGETED_DEVICE_FAMILY = "1,2";
			};
			name = Release;
		};
/* End XCBuildConfiguration section */

/* Begin XCConfigurationList section */
		FA0DEAE824BDDFD5002C95FA /* Build configuration list for PBXProject "SideMenuApp" */ = {
			isa = XCConfigurationList;
			buildConfigurations = (
				FA0DEAFF24BDDFD6002C95FA /* Debug */,
				FA0DEB0024BDDFD6002C95FA /* Release */,
			);
			defaultConfigurationIsVisible = 0;
			defaultConfigurationName = Release;
		};
		FA0DEB0124BDDFD6002C95FA /* Build configuration list for PBXNativeTarget "SideMenuApp" */ = {
			isa = XCConfigurationList;
			buildConfigurations = (
				FA0DEB0224BDDFD6002C95FA /* Debug */,
				FA0DEB0324BDDFD6002C95FA /* Release */,
			);
			defaultConfigurationIsVisible = 0;
			defaultConfigurationName = Release;
		};
/* End XCConfigurationList section */
	};
	rootObject = FA0DEAE524BDDFD5002C95FA /* Project object */;
}
